
Microsoft Visual Studio Solution File, Format Version 12.00
# Visual Studio Version 16
VisualStudioVersion = 16.0.29728.190
MinimumVisualStudioVersion = 10.0.40219.1
Project("{FAE04EC0-301F-11D3-BF4B-00C04F79EFBC}") = "IMDbApiLib", "IMDbApiLib\IMDbApiLib.csproj", "{355E3EE2-DB26-4D5D-9E82-342333273064}"
EndProject
Global
	GlobalSection(SolutionConfigurationPlatforms) = preSolution
		Debug|Any CPU = Debug|Any CPU
		Release|Any CPU = Release|Any CPU
	EndGlobalSection
	GlobalSection(ProjectConfigurationPlatforms) = postSolution
		{355E3EE2-DB26-4D5D-9E82-342333273064}.Debug|Any CPU.ActiveCfg = Debug|Any CPU
		{355E3EE2-DB26-4D5D-9E82-342333273064}.Debug|Any CPU.Build.0 = Debug|Any CPU
		{355E3EE2-DB26-4D5D-9E82-342333273064}.Release|Any CPU.ActiveCfg = Release|Any CPU
		{355E3EE2-DB26-4D5D-9E82-342333273064}.Release|Any CPU.Build.0 = Release|Any CPU
	EndGlobalSection
	GlobalSection(SolutionProperties) = preSolution
		HideSolutionNode = FALSE
	EndGlobalSection
	GlobalSection(ExtensibilityGlobals) = postSolution
		SolutionGuid = {02DE4010-8BF4-4F50-A79C-9C67FEC3FB8F}
	EndGlobalSection
EndGlobal
